
Microsoft Visual Studio Solution File, Format Version 10.00
# Visual C# Express 2008
Project("{FAE04EC0-301F-11D3-BF4B-00C04F79EFBC}") = "Dalldorf.Expressions", "Dalldorf.Expressions.csproj", "{7C562324-E266-45D6-B167-033D7808FAAF}"
EndProject
Project("{FAE04EC0-301F-11D3-BF4B-00C04F79EFBC}") = "Dalldorf.Expressions.UnitTests", "..\RpnParser.UnitTests\Dalldorf.Expressions.UnitTests.csproj", "{D3DF7340-28AB-4389-8F06-6F2A337B8399}"
EndProject
Global
	GlobalSection(SolutionConfigurationPlatforms) = preSolution
		Debug|Any CPU = Debug|Any CPU
		Release|Any CPU = Release|Any CPU
	EndGlobalSection
	GlobalSection(ProjectConfigurationPlatforms) = postSolution
		{7C562324-E266-45D6-B167-033D7808FAAF}.Debug|Any CPU.ActiveCfg = Debug|Any CPU
		{7C562324-E266-45D6-B167-033D7808FAAF}.Debug|Any CPU.Build.0 = Debug|Any CPU
		{7C562324-E266-45D6-B167-033D7808FAAF}.Release|Any CPU.ActiveCfg = Release|Any CPU
		{7C562324-E266-45D6-B167-033D7808FAAF}.Release|Any CPU.Build.0 = Release|Any CPU
		{D3DF7340-28AB-4389-8F06-6F2A337B8399}.Debug|Any CPU.ActiveCfg = Debug|Any CPU
		{D3DF7340-28AB-4389-8F06-6F2A337B8399}.Debug|Any CPU.Build.0 = Debug|Any CPU
		{D3DF7340-28AB-4389-8F06-6F2A337B8399}.Release|Any CPU.ActiveCfg = Release|Any CPU
		{D3DF7340-28AB-4389-8F06-6F2A337B8399}.Release|Any CPU.Build.0 = Release|Any CPU
	EndGlobalSection
	GlobalSection(SolutionProperties) = preSolution
		HideSolutionNode = FALSE
	EndGlobalSection
	GlobalSection(TeamFoundationVersionControl) = preSolution
		SccNumberOfProjects = 2
		SccEnterpriseProvider = {4CA58AB2-18FA-4F8D-95D4-32DDF27D184C}
		SccTeamFoundationServer = http://mwteamfs.marvin.com:8080/
		SccLocalPath0 = .
		SccProjectUniqueName1 = RpnParser.csproj
		SccLocalPath1 = .
	EndGlobalSection
EndGlobal
